
Microsoft Visual Studio Solution File, Format Version 12.00
# Visual Studio Version 17
VisualStudioVersion = 17.4.33103.184
MinimumVisualStudioVersion = 10.0.40219.1
Project("{FAE04EC0-301F-11D3-BF4B-00C04F79EFBC}") = "AMCDS", "AMCDS.csproj", "{C2FB5738-546E-47BB-B936-13D656DCF2FC}"
EndProject
Global
	GlobalSection(SolutionConfigurationPlatforms) = preSolution
		Debug|Any CPU = Debug|Any CPU
		Release|Any CPU = Release|Any CPU
	EndGlobalSection
	GlobalSection(ProjectConfigurationPlatforms) = postSolution
		{C2FB5738-546E-47BB-B936-13D656DCF2FC}.Debug|Any CPU.ActiveCfg = Debug|Any CPU
		{C2FB5738-546E-47BB-B936-13D656DCF2FC}.Debug|Any CPU.Build.0 = Debug|Any CPU
		{C2FB5738-546E-47BB-B936-13D656DCF2FC}.Release|Any CPU.ActiveCfg = Release|Any CPU
		{C2FB5738-546E-47BB-B936-13D656DCF2FC}.Release|Any CPU.Build.0 = Release|Any CPU
	EndGlobalSection
	GlobalSection(SolutionProperties) = preSolution
		HideSolutionNode = FALSE
	EndGlobalSection
	GlobalSection(ExtensibilityGlobals) = postSolution
		SolutionGuid = {495A7E65-E12D-43D2-B690-990FE8675CF6}
	EndGlobalSection
EndGlobal
